
Microsoft Visual Studio Solution File, Format Version 12.00
# Visual Studio Version 17
VisualStudioVersion = 17.8.34525.116
MinimumVisualStudioVersion = 10.0.40219.1
Project("{FAE04EC0-301F-11D3-BF4B-00C04F79EFBC}") = "Trade", "Trade\Trade.csproj", "{F9D306F6-2368-4612-9511-C25DC58E4BD3}"
EndProject
Global
	GlobalSection(SolutionConfigurationPlatforms) = preSolution
		Debug|Any CPU = Debug|Any CPU
		Release|Any CPU = Release|Any CPU
	EndGlobalSection
	GlobalSection(ProjectConfigurationPlatforms) = postSolution
		{F9D306F6-2368-4612-9511-C25DC58E4BD3}.Debug|Any CPU.ActiveCfg = Debug|Any CPU
		{F9D306F6-2368-4612-9511-C25DC58E4BD3}.Debug|Any CPU.Build.0 = Debug|Any CPU
		{F9D306F6-2368-4612-9511-C25DC58E4BD3}.Release|Any CPU.ActiveCfg = Release|Any CPU
		{F9D306F6-2368-4612-9511-C25DC58E4BD3}.Release|Any CPU.Build.0 = Release|Any CPU
	EndGlobalSection
	GlobalSection(SolutionProperties) = preSolution
		HideSolutionNode = FALSE
	EndGlobalSection
	GlobalSection(ExtensibilityGlobals) = postSolution
		SolutionGuid = {86E381E1-8F7D-4D82-9F9D-FF5555F377E1}
	EndGlobalSection
EndGlobal
